
Microsoft Visual Studio Solution File, Format Version 12.00
# Visual Studio Version 17
VisualStudioVersion = 17.8.34511.84
MinimumVisualStudioVersion = 10.0.40219.1
Project("{FAE04EC0-301F-11D3-BF4B-00C04F79EFBC}") = "RepositoryPatternWithUOW.Api", "RepositoryPatternWithUOW.Api\RepositoryPatternWithUOW.Api.csproj", "{45AB23A3-2156-4321-AD41-3613853BB9F6}"
EndProject
Project("{FAE04EC0-301F-11D3-BF4B-00C04F79EFBC}") = "RepositoryPatternWithUOW.Core", "RepositoryPatternWithUOW.Core\RepositoryPatternWithUOW.Core.csproj", "{0DAEFEB2-2C27-4AA4-8D5E-2C67D50D4316}"
EndProject
Project("{FAE04EC0-301F-11D3-BF4B-00C04F79EFBC}") = "RepositoryPatternWithUOW.EF", "RepositoryPatternWithUOW.EF\RepositoryPatternWithUOW.EF.csproj", "{CF76B646-9D15-44B3-B492-5FCB25F4512F}"
EndProject
Global
	GlobalSection(SolutionConfigurationPlatforms) = preSolution
		Debug|Any CPU = Debug|Any CPU
		Release|Any CPU = Release|Any CPU
	EndGlobalSection
	GlobalSection(ProjectConfigurationPlatforms) = postSolution
		{45AB23A3-2156-4321-AD41-3613853BB9F6}.Debug|Any CPU.ActiveCfg = Debug|Any CPU
		{45AB23A3-2156-4321-AD41-3613853BB9F6}.Debug|Any CPU.Build.0 = Debug|Any CPU
		{45AB23A3-2156-4321-AD41-3613853BB9F6}.Release|Any CPU.ActiveCfg = Release|Any CPU
		{45AB23A3-2156-4321-AD41-3613853BB9F6}.Release|Any CPU.Build.0 = Release|Any CPU
		{0DAEFEB2-2C27-4AA4-8D5E-2C67D50D4316}.Debug|Any CPU.ActiveCfg = Debug|Any CPU
		{0DAEFEB2-2C27-4AA4-8D5E-2C67D50D4316}.Debug|Any CPU.Build.0 = Debug|Any CPU
		{0DAEFEB2-2C27-4AA4-8D5E-2C67D50D4316}.Release|Any CPU.ActiveCfg = Release|Any CPU
		{0DAEFEB2-2C27-4AA4-8D5E-2C67D50D4316}.Release|Any CPU.Build.0 = Release|Any CPU
		{CF76B646-9D15-44B3-B492-5FCB25F4512F}.Debug|Any CPU.ActiveCfg = Debug|Any CPU
		{CF76B646-9D15-44B3-B492-5FCB25F4512F}.Debug|Any CPU.Build.0 = Debug|Any CPU
		{CF76B646-9D15-44B3-B492-5FCB25F4512F}.Release|Any CPU.ActiveCfg = Release|Any CPU
		{CF76B646-9D15-44B3-B492-5FCB25F4512F}.Release|Any CPU.Build.0 = Release|Any CPU
	EndGlobalSection
	GlobalSection(SolutionProperties) = preSolution
		HideSolutionNode = FALSE
	EndGlobalSection
	GlobalSection(ExtensibilityGlobals) = postSolution
		SolutionGuid = {5212F8F2-6B49-4035-90E0-6A51EFDA7309}
	EndGlobalSection
EndGlobal
